
Microsoft Visual Studio Solution File, Format Version 12.00
# Visual Studio Version 17
VisualStudioVersion = 17.0.31903.59
MinimumVisualStudioVersion = 10.0.40219.1
Project("{FAE04EC0-301F-11D3-BF4B-00C04F79EFBC}") = "SpectraEngine", "SpectraEngine.csproj", "{A1B2C3D4-E5F6-7890-ABCD-EF1234567890}"
EndProject
Project("{FAE04EC0-301F-11D3-BF4B-00C04F79EFBC}") = "SpectraEngine.ModRuntime", "SpectraEngine.ModRuntime\SpectraEngine.ModRuntime.csproj", "{1BDF47E7-F9D7-445F-BDDA-60E2227E1ACB}"
EndProject
Project("{2150E333-8FDC-42A3-9474-1A3956D46DE8}") = "Bridge", "Bridge", "{68BF4094-9419-05A7-776B-98D5B493D877}"
EndProject
Project("{2150E333-8FDC-42A3-9474-1A3956D46DE8}") = "JavaStubs", "JavaStubs", "{EE8DF228-6603-7F96-E16F-17124735E973}"
EndProject
Project("{FAE04EC0-301F-11D3-BF4B-00C04F79EFBC}") = "MinecraftStubs.v1_0", "Bridge\JavaStubs\MinecraftStubs.v1_0.csproj", "{A4656871-D5CE-4F2E-9011-2B2282CAFAA0}"
EndProject
Project("{FAE04EC0-301F-11D3-BF4B-00C04F79EFBC}") = "MinecraftStubs.v1_12", "Bridge\JavaStubs\MinecraftStubs.v1_12.csproj", "{C7891234-D5E6-4F70-89AB-CDEF01234567}"
EndProject
Project("{2150E333-8FDC-42A3-9474-1A3956D46DE8}") = "Tests", "Tests", "{0AB3BF05-4346-4AA6-1389-037BE0695223}"
EndProject
Project("{2150E333-8FDC-42A3-9474-1A3956D46DE8}") = "Retrofit", "Retrofit", "{60725832-D8E2-4276-2C9F-9FB4EC16942C}"
EndProject
Project("{FAE04EC0-301F-11D3-BF4B-00C04F79EFBC}") = "SpectraEngine.Tests.Retrofit", "Tests\Retrofit\SpectraEngine.Tests.Retrofit.csproj", "{4B7DABD3-ED67-4EA4-AD25-021580DF9032}"
EndProject
Project("{FAE04EC0-301F-11D3-BF4B-00C04F79EFBC}") = "MinecraftStubs.v1_7_10", "Bridge\JavaStubs\MinecraftStubs.v1_7_10.csproj", "{619801A5-00A7-491F-9D86-4FDB561DD9DC}"
EndProject
Project("{FAE04EC0-301F-11D3-BF4B-00C04F79EFBC}") = "MinecraftStubs.v1_16", "Bridge\JavaStubs\MinecraftStubs.v1_16.csproj", "{97F88345-2F3C-47E0-92A5-0EA44BFC4B24}"
EndProject
Global
	GlobalSection(SolutionConfigurationPlatforms) = preSolution
		Debug|Any CPU = Debug|Any CPU
		Debug|x64 = Debug|x64
		Debug|x86 = Debug|x86
		Release|Any CPU = Release|Any CPU
		Release|x64 = Release|x64
		Release|x86 = Release|x86
	EndGlobalSection
	GlobalSection(ProjectConfigurationPlatforms) = postSolution
		{A1B2C3D4-E5F6-7890-ABCD-EF1234567890}.Debug|Any CPU.ActiveCfg = Debug|Any CPU
		{A1B2C3D4-E5F6-7890-ABCD-EF1234567890}.Debug|Any CPU.Build.0 = Debug|Any CPU
		{A1B2C3D4-E5F6-7890-ABCD-EF1234567890}.Debug|x64.ActiveCfg = Debug|Any CPU
		{A1B2C3D4-E5F6-7890-ABCD-EF1234567890}.Debug|x64.Build.0 = Debug|Any CPU
		{A1B2C3D4-E5F6-7890-ABCD-EF1234567890}.Debug|x86.ActiveCfg = Debug|Any CPU
		{A1B2C3D4-E5F6-7890-ABCD-EF1234567890}.Debug|x86.Build.0 = Debug|Any CPU
		{A1B2C3D4-E5F6-7890-ABCD-EF1234567890}.Release|Any CPU.ActiveCfg = Release|Any CPU
		{A1B2C3D4-E5F6-7890-ABCD-EF1234567890}.Release|Any CPU.Build.0 = Release|Any CPU
		{A1B2C3D4-E5F6-7890-ABCD-EF1234567890}.Release|x64.ActiveCfg = Release|Any CPU
		{A1B2C3D4-E5F6-7890-ABCD-EF1234567890}.Release|x64.Build.0 = Release|Any CPU
		{A1B2C3D4-E5F6-7890-ABCD-EF1234567890}.Release|x86.ActiveCfg = Release|Any CPU
		{A1B2C3D4-E5F6-7890-ABCD-EF1234567890}.Release|x86.Build.0 = Release|Any CPU
		{1BDF47E7-F9D7-445F-BDDA-60E2227E1ACB}.Debug|Any CPU.ActiveCfg = Debug|Any CPU
		{1BDF47E7-F9D7-445F-BDDA-60E2227E1ACB}.Debug|Any CPU.Build.0 = Debug|Any CPU
		{1BDF47E7-F9D7-445F-BDDA-60E2227E1ACB}.Debug|x64.ActiveCfg = Debug|Any CPU
		{1BDF47E7-F9D7-445F-BDDA-60E2227E1ACB}.Debug|x64.Build.0 = Debug|Any CPU
		{1BDF47E7-F9D7-445F-BDDA-60E2227E1ACB}.Debug|x86.ActiveCfg = Debug|Any CPU
		{1BDF47E7-F9D7-445F-BDDA-60E2227E1ACB}.Debug|x86.Build.0 = Debug|Any CPU
		{1BDF47E7-F9D7-445F-BDDA-60E2227E1ACB}.Release|Any CPU.ActiveCfg = Release|Any CPU
		{1BDF47E7-F9D7-445F-BDDA-60E2227E1ACB}.Release|Any CPU.Build.0 = Release|Any CPU
		{1BDF47E7-F9D7-445F-BDDA-60E2227E1ACB}.Release|x64.ActiveCfg = Release|Any CPU
		{1BDF47E7-F9D7-445F-BDDA-60E2227E1ACB}.Release|x64.Build.0 = Release|Any CPU
		{1BDF47E7-F9D7-445F-BDDA-60E2227E1ACB}.Release|x86.ActiveCfg = Release|Any CPU
		{1BDF47E7-F9D7-445F-BDDA-60E2227E1ACB}.Release|x86.Build.0 = Release|Any CPU
		{A4656871-D5CE-4F2E-9011-2B2282CAFAA0}.Debug|Any CPU.ActiveCfg = Debug|Any CPU
		{A4656871-D5CE-4F2E-9011-2B2282CAFAA0}.Debug|Any CPU.Build.0 = Debug|Any CPU
		{A4656871-D5CE-4F2E-9011-2B2282CAFAA0}.Debug|x64.ActiveCfg = Debug|Any CPU
		{A4656871-D5CE-4F2E-9011-2B2282CAFAA0}.Debug|x64.Build.0 = Debug|Any CPU
		{A4656871-D5CE-4F2E-9011-2B2282CAFAA0}.Debug|x86.ActiveCfg = Debug|Any CPU
		{A4656871-D5CE-4F2E-9011-2B2282CAFAA0}.Debug|x86.Build.0 = Debug|Any CPU
		{A4656871-D5CE-4F2E-9011-2B2282CAFAA0}.Release|Any CPU.ActiveCfg = Release|Any CPU
		{A4656871-D5CE-4F2E-9011-2B2282CAFAA0}.Release|Any CPU.Build.0 = Release|Any CPU
		{A4656871-D5CE-4F2E-9011-2B2282CAFAA0}.Release|x64.ActiveCfg = Release|Any CPU
		{A4656871-D5CE-4F2E-9011-2B2282CAFAA0}.Release|x64.Build.0 = Release|Any CPU
		{A4656871-D5CE-4F2E-9011-2B2282CAFAA0}.Release|x86.ActiveCfg = Release|Any CPU
		{A4656871-D5CE-4F2E-9011-2B2282CAFAA0}.Release|x86.Build.0 = Release|Any CPU
		{C7891234-D5E6-4F70-89AB-CDEF01234567}.Debug|Any CPU.ActiveCfg = Debug|Any CPU
		{C7891234-D5E6-4F70-89AB-CDEF01234567}.Debug|Any CPU.Build.0 = Debug|Any CPU
		{C7891234-D5E6-4F70-89AB-CDEF01234567}.Debug|x64.ActiveCfg = Debug|Any CPU
		{C7891234-D5E6-4F70-89AB-CDEF01234567}.Debug|x64.Build.0 = Debug|Any CPU
		{C7891234-D5E6-4F70-89AB-CDEF01234567}.Debug|x86.ActiveCfg = Debug|Any CPU
		{C7891234-D5E6-4F70-89AB-CDEF01234567}.Debug|x86.Build.0 = Debug|Any CPU
		{C7891234-D5E6-4F70-89AB-CDEF01234567}.Release|Any CPU.ActiveCfg = Release|Any CPU
		{C7891234-D5E6-4F70-89AB-CDEF01234567}.Release|Any CPU.Build.0 = Release|Any CPU
		{C7891234-D5E6-4F70-89AB-CDEF01234567}.Release|x64.ActiveCfg = Release|Any CPU
		{C7891234-D5E6-4F70-89AB-CDEF01234567}.Release|x64.Build.0 = Release|Any CPU
		{C7891234-D5E6-4F70-89AB-CDEF01234567}.Release|x86.ActiveCfg = Release|Any CPU
		{C7891234-D5E6-4F70-89AB-CDEF01234567}.Release|x86.Build.0 = Release|Any CPU
		{4B7DABD3-ED67-4EA4-AD25-021580DF9032}.Debug|Any CPU.ActiveCfg = Debug|Any CPU
		{4B7DABD3-ED67-4EA4-AD25-021580DF9032}.Debug|Any CPU.Build.0 = Debug|Any CPU
		{4B7DABD3-ED67-4EA4-AD25-021580DF9032}.Debug|x64.ActiveCfg = Debug|Any CPU
		{4B7DABD3-ED67-4EA4-AD25-021580DF9032}.Debug|x64.Build.0 = Debug|Any CPU
		{4B7DABD3-ED67-4EA4-AD25-021580DF9032}.Debug|x86.ActiveCfg = Debug|Any CPU
		{4B7DABD3-ED67-4EA4-AD25-021580DF9032}.Debug|x86.Build.0 = Debug|Any CPU
		{4B7DABD3-ED67-4EA4-AD25-021580DF9032}.Release|Any CPU.ActiveCfg = Release|Any CPU
		{4B7DABD3-ED67-4EA4-AD25-021580DF9032}.Release|Any CPU.Build.0 = Release|Any CPU
		{4B7DABD3-ED67-4EA4-AD25-021580DF9032}.Release|x64.ActiveCfg = Release|Any CPU
		{4B7DABD3-ED67-4EA4-AD25-021580DF9032}.Release|x64.Build.0 = Release|Any CPU
		{4B7DABD3-ED67-4EA4-AD25-021580DF9032}.Release|x86.ActiveCfg = Release|Any CPU
		{4B7DABD3-ED67-4EA4-AD25-021580DF9032}.Release|x86.Build.0 = Release|Any CPU
		{619801A5-00A7-491F-9D86-4FDB561DD9DC}.Debug|Any CPU.ActiveCfg = Debug|Any CPU
		{619801A5-00A7-491F-9D86-4FDB561DD9DC}.Debug|Any CPU.Build.0 = Debug|Any CPU
		{619801A5-00A7-491F-9D86-4FDB561DD9DC}.Debug|x64.ActiveCfg = Debug|Any CPU
		{619801A5-00A7-491F-9D86-4FDB561DD9DC}.Debug|x64.Build.0 = Debug|Any CPU
		{619801A5-00A7-491F-9D86-4FDB561DD9DC}.Debug|x86.ActiveCfg = Debug|Any CPU
		{619801A5-00A7-491F-9D86-4FDB561DD9DC}.Debug|x86.Build.0 = Debug|Any CPU
		{619801A5-00A7-491F-9D86-4FDB561DD9DC}.Release|Any CPU.ActiveCfg = Release|Any CPU
		{619801A5-00A7-491F-9D86-4FDB561DD9DC}.Release|Any CPU.Build.0 = Release|Any CPU
		{619801A5-00A7-491F-9D86-4FDB561DD9DC}.Release|x64.ActiveCfg = Release|Any CPU
		{619801A5-00A7-491F-9D86-4FDB561DD9DC}.Release|x64.Build.0 = Release|Any CPU
		{619801A5-00A7-491F-9D86-4FDB561DD9DC}.Release|x86.ActiveCfg = Release|Any CPU
		{619801A5-00A7-491F-9D86-4FDB561DD9DC}.Release|x86.Build.0 = Release|Any CPU
		{97F88345-2F3C-47E0-92A5-0EA44BFC4B24}.Debug|Any CPU.ActiveCfg = Debug|Any CPU
		{97F88345-2F3C-47E0-92A5-0EA44BFC4B24}.Debug|Any CPU.Build.0 = Debug|Any CPU
		{97F88345-2F3C-47E0-92A5-0EA44BFC4B24}.Debug|x64.ActiveCfg = Debug|Any CPU
		{97F88345-2F3C-47E0-92A5-0EA44BFC4B24}.Debug|x64.Build.0 = Debug|Any CPU
		{97F88345-2F3C-47E0-92A5-0EA44BFC4B24}.Debug|x86.ActiveCfg = Debug|Any CPU
		{97F88345-2F3C-47E0-92A5-0EA44BFC4B24}.Debug|x86.Build.0 = Debug|Any CPU
		{97F88345-2F3C-47E0-92A5-0EA44BFC4B24}.Release|Any CPU.ActiveCfg = Release|Any CPU
		{97F88345-2F3C-47E0-92A5-0EA44BFC4B24}.Release|Any CPU.Build.0 = Release|Any CPU
		{97F88345-2F3C-47E0-92A5-0EA44BFC4B24}.Release|x64.ActiveCfg = Release|Any CPU
		{97F88345-2F3C-47E0-92A5-0EA44BFC4B24}.Release|x64.Build.0 = Release|Any CPU
		{97F88345-2F3C-47E0-92A5-0EA44BFC4B24}.Release|x86.ActiveCfg = Release|Any CPU
		{97F88345-2F3C-47E0-92A5-0EA44BFC4B24}.Release|x86.Build.0 = Release|Any CPU
	EndGlobalSection
	GlobalSection(SolutionProperties) = preSolution
		HideSolutionNode = FALSE
	EndGlobalSection
	GlobalSection(NestedProjects) = preSolution
		{EE8DF228-6603-7F96-E16F-17124735E973} = {68BF4094-9419-05A7-776B-98D5B493D877}
		{A4656871-D5CE-4F2E-9011-2B2282CAFAA0} = {EE8DF228-6603-7F96-E16F-17124735E973}
		{C7891234-D5E6-4F70-89AB-CDEF01234567} = {EE8DF228-6603-7F96-E16F-17124735E973}
		{60725832-D8E2-4276-2C9F-9FB4EC16942C} = {0AB3BF05-4346-4AA6-1389-037BE0695223}
		{4B7DABD3-ED67-4EA4-AD25-021580DF9032} = {60725832-D8E2-4276-2C9F-9FB4EC16942C}
		{619801A5-00A7-491F-9D86-4FDB561DD9DC} = {EE8DF228-6603-7F96-E16F-17124735E973}
		{97F88345-2F3C-47E0-92A5-0EA44BFC4B24} = {EE8DF228-6603-7F96-E16F-17124735E973}
	EndGlobalSection
EndGlobal
